
Microsoft Visual Studio Solution File, Format Version 12.00
# Visual Studio Version 16
VisualStudioVersion = 16.0.31112.23
MinimumVisualStudioVersion = 10.0.40219.1
Project("{FAE04EC0-301F-11D3-BF4B-00C04F79EFBC}") = "CalculoBancario", "CalculoBancario.csproj", "{578A528D-91A4-427B-860E-C0DA7CA8CBB0}"
EndProject
Global
	GlobalSection(SolutionConfigurationPlatforms) = preSolution
		Debug|Any CPU = Debug|Any CPU
		Release|Any CPU = Release|Any CPU
	EndGlobalSection
	GlobalSection(ProjectConfigurationPlatforms) = postSolution
		{578A528D-91A4-427B-860E-C0DA7CA8CBB0}.Debug|Any CPU.ActiveCfg = Debug|Any CPU
		{578A528D-91A4-427B-860E-C0DA7CA8CBB0}.Debug|Any CPU.Build.0 = Debug|Any CPU
		{578A528D-91A4-427B-860E-C0DA7CA8CBB0}.Release|Any CPU.ActiveCfg = Release|Any CPU
		{578A528D-91A4-427B-860E-C0DA7CA8CBB0}.Release|Any CPU.Build.0 = Release|Any CPU
	EndGlobalSection
	GlobalSection(SolutionProperties) = preSolution
		HideSolutionNode = FALSE
	EndGlobalSection
	GlobalSection(ExtensibilityGlobals) = postSolution
		SolutionGuid = {D2168664-A969-45AC-B0DE-A4EFC78724C1}
	EndGlobalSection
EndGlobal
